
Microsoft Visual Studio Solution File, Format Version 12.00
# Visual Studio Version 17
VisualStudioVersion = 17.2.32526.322
MinimumVisualStudioVersion = 10.0.40219.1
Project("{FAE04EC0-301F-11D3-BF4B-00C04F79EFBC}") = "ZenixOS", "ZenixOS\ZenixOS.csproj", "{C1829FE7-DB8A-43A7-99B6-1FF35C5E12AA}"
EndProject
Global
	GlobalSection(SolutionConfigurationPlatforms) = preSolution
		Debug|Any CPU = Debug|Any CPU
		Release|Any CPU = Release|Any CPU
	EndGlobalSection
	GlobalSection(ProjectConfigurationPlatforms) = postSolution
		{C1829FE7-DB8A-43A7-99B6-1FF35C5E12AA}.Debug|Any CPU.ActiveCfg = Debug|Any CPU
		{C1829FE7-DB8A-43A7-99B6-1FF35C5E12AA}.Debug|Any CPU.Build.0 = Debug|Any CPU
		{C1829FE7-DB8A-43A7-99B6-1FF35C5E12AA}.Release|Any CPU.ActiveCfg = Release|Any CPU
		{C1829FE7-DB8A-43A7-99B6-1FF35C5E12AA}.Release|Any CPU.Build.0 = Release|Any CPU
	EndGlobalSection
	GlobalSection(SolutionProperties) = preSolution
		HideSolutionNode = FALSE
	EndGlobalSection
	GlobalSection(ExtensibilityGlobals) = postSolution
		SolutionGuid = {55A6A172-0DA1-448F-9753-3E9A1858C490}
	EndGlobalSection
EndGlobal
